# THIS IS AN AUTOGENERATED FILE. DO NOT EDIT THIS FILE DIRECTLY.
# yarn lockfile v1


"@hotwired/stimulus@^3.0.1":
  version "3.0.1"
  resolved "https://registry.yarnpkg.com/@hotwired/stimulus/-/stimulus-3.0.1.tgz#141f15645acaa3b133b7c247cad58ae252ffae85"
  integrity sha512-oHsJhgY2cip+K2ED7vKUNd2P+BEswVhrCYcJ802DSsblJFv7mPFVk3cQKvm2vHgHeDVdnj7oOKrBbzp1u8D+KA==

"@hotwired/turbo@^7.0.1":
  version "7.1.0"
  resolved "https://registry.yarnpkg.com/@hotwired/turbo/-/turbo-7.1.0.tgz#27e44e0e3dc5bd1d4bda0766d579cf5a14091cd7"
  integrity sha512-Q8kGjqwPqER+CtpQudbH+3Zgs2X4zb6pBAlr6NsKTXadg45pAOvxI9i4QpuHbwSzR2+x87HUm+rot9F/Pe8rxA==

"@rails/request.js@^0.0.5":
  version "0.0.5"
  resolved "https://registry.yarnpkg.com/@rails/request.js/-/request.js-0.0.5.tgz#5ea896085f1c82bacca0e32aa918c8cd003a3d30"
  integrity sha512-EDw3d5oCSPFn/os7C41+61urT5J5n+bMXK2NTQVhJI8VCPAIVbvFGjZIQI0a9zJ9KuaWKHM6IjXTRakKemlzoA==

"@spree/dashboard@^0.1.0":
  version "0.1.0"
  resolved "https://registry.yarnpkg.com/@spree/dashboard/-/dashboard-0.1.0.tgz#5c8b14d2a9a67a30112bc5ec1990127ebd39a8af"
  integrity sha512-cet27rLWyB792yRPcWjfLNbwOZzoQ8LvOU+ovCl/J/0Avz2x4G9f4/fJLdB0MwxuCItB8fqc61xeR5cai4Zgxg==
  dependencies:
    "@hotwired/stimulus" "^3.0.1"
    "@hotwired/turbo" "^7.0.1"
    "@rails/request.js" "^0.0.5"
    bootstrap "4.6.1"
    flatpickr "^4.6.9"
    jquery "3.5.1"
    popper.js "1.16.1"
    sortablejs "^1.14.0"
    stimulus-sortable "^3.1.0"

bootstrap@4.6.1:
  version "4.6.1"
  resolved "https://registry.yarnpkg.com/bootstrap/-/bootstrap-4.6.1.tgz#bc25380c2c14192374e8dec07cf01b2742d222a2"
  integrity sha512-0dj+VgI9Ecom+rvvpNZ4MUZJz8dcX7WCX+eTID9+/8HgOkv3dsRzi8BGeZJCQU6flWQVYxwTQnEZFrmJSEO7og==

esbuild-android-arm64@0.14.1:
  version "0.14.1"
  resolved "https://registry.yarnpkg.com/esbuild-android-arm64/-/esbuild-android-arm64-0.14.1.tgz#470b99c1c4b49f33fd0a20ed153b15008173fd63"
  integrity sha512-elQd3hTg93nU2GQ5PPCDAFe5+utxZX96RG8RixqIPxf8pzmyIzcpKG76L/9FabPf3LT1z+nLF1sajCU8eVRDyg==

esbuild-darwin-64@0.14.1:
  version "0.14.1"
  resolved "https://registry.yarnpkg.com/esbuild-darwin-64/-/esbuild-darwin-64-0.14.1.tgz#135f48f299f2ce3eb3ca1b1f3ec03d81108ab79e"
  integrity sha512-PR3HZgbPRwsQbbOR1fJrfkt/Cs0JDyI3yzOKg2PPWk0H1AseZDBqPUY9b/0+BIjFwA5Jz/aAiq832hppsuJtNw==

esbuild-darwin-arm64@0.14.1:
  version "0.14.1"
  resolved "https://registry.yarnpkg.com/esbuild-darwin-arm64/-/esbuild-darwin-arm64-0.14.1.tgz#7117a857bac99ece28ebba859a47dce47f565f9f"
  integrity sha512-/fiSSOkOEa3co6yYtwgXouz8jZrG0qnXPEKiktFf2BQE8NON3ARTw43ZegaH+xMRFNgYBJEOOZIdzI3sIFEAxw==

esbuild-freebsd-64@0.14.1:
  version "0.14.1"
  resolved "https://registry.yarnpkg.com/esbuild-freebsd-64/-/esbuild-freebsd-64-0.14.1.tgz#2b7ca5ec572f2800b1ec88988affc4482c5ac4b7"
  integrity sha512-ZJV+nfa8E8PdXnRc05PO3YMfgSj7Ko+kdHyGDE6OaNo1cO8ZyfacqLaWkY35shDDaeacklhD8ZR4qq5nbJKX1A==

esbuild-freebsd-arm64@0.14.1:
  version "0.14.1"
  resolved "https://registry.yarnpkg.com/esbuild-freebsd-arm64/-/esbuild-freebsd-arm64-0.14.1.tgz#63e8b77643ea8270d878cfab7dd9201a114f20fb"
  integrity sha512-6N9zTD+SecJr2g9Ohl9C10WIk5FpQ+52bNamRy0sJoHwP31G5ObzKzq8jAtg1Jeggpu6P8auz3P/UL+3YioSwQ==

esbuild-linux-32@0.14.1:
  version "0.14.1"
  resolved "https://registry.yarnpkg.com/esbuild-linux-32/-/esbuild-linux-32-0.14.1.tgz#f00ae7f12d2abc0dc37e2a7e7c7c29764da87093"
  integrity sha512-RtPgE6e7WefbAxRjVryisKFJ0nUwR2DMjwmYW/a1a0F1+Ge6FR+RqvgiY0DrM9TtxSUU0eryDXNF4n3UfxX3mg==

esbuild-linux-64@0.14.1:
  version "0.14.1"
  resolved "https://registry.yarnpkg.com/esbuild-linux-64/-/esbuild-linux-64-0.14.1.tgz#2ee9dd76be1185abb1e967052e3b6ab16a1d3da4"
  integrity sha512-JpxM0ar6Z+2v3vfFrxP7bFb8Wzb6gcGL9MxRqAJplDfGnee8HbfPge6svaazXeX9XJceeEqwxwWGB0qyCcxo7A==

esbuild-linux-arm64@0.14.1:
  version "0.14.1"
  resolved "https://registry.yarnpkg.com/esbuild-linux-arm64/-/esbuild-linux-arm64-0.14.1.tgz#601e855b78e0636e120771296b43eb4f7d68a314"
  integrity sha512-cFbeZf171bIf+PPLlQDBzagK85lCCxxVdMV1IVUA96Y3kvEgqcy2n9mha+QE1M/T+lIOPDsmLRgH1XqMFwLTSg==

esbuild-linux-arm@0.14.1:
  version "0.14.1"
  resolved "https://registry.yarnpkg.com/esbuild-linux-arm/-/esbuild-linux-arm-0.14.1.tgz#c0d364a20f12a653bdd2f41436788b99502dc287"
  integrity sha512-eBRHexCijAYWzcvQLGHxyxIlYOkYhXvcb/O7HvzJfCAVWCnTx9TxxYJ3UppBC6dDFbAq4HwKhskvmesQdKMeBg==

esbuild-linux-mips64le@0.14.1:
  version "0.14.1"
  resolved "https://registry.yarnpkg.com/esbuild-linux-mips64le/-/esbuild-linux-mips64le-0.14.1.tgz#a5f6e9c6e7950a3fad08bb3653bc3f5d71b4e249"
  integrity sha512-UGb+sqHkL7wOQFLH0RoFhcRAlJNqbqs6GtJd1It5jJ2juOGqAkCv8V12aGDX9oRB6a+Om7cdHcH+6AMZ+qlaww==

esbuild-linux-ppc64le@0.14.1:
  version "0.14.1"
  resolved "https://registry.yarnpkg.com/esbuild-linux-ppc64le/-/esbuild-linux-ppc64le-0.14.1.tgz#762cec24cf5afeee3f805a4679a3f5e29702173a"
  integrity sha512-LIHGkGdy9wYlmkkoVHm6feWhkoi4VBXDiEVyNjXEhlzsBcP/CaRy+B8IJulzaU1ALLiGcsCQ2MC5UbFn/iTvmA==

esbuild-netbsd-64@0.14.1:
  version "0.14.1"
  resolved "https://registry.yarnpkg.com/esbuild-netbsd-64/-/esbuild-netbsd-64-0.14.1.tgz#66ec7ac0b3eeb84f8c1ac27eecf16f59d93706a8"
  integrity sha512-TWc1QIgtPwaK5nC1GT2ASTuy/CJhNKHN4h5PJRP1186VfI+k2uvXakS7bqO/M26F6jAMy8jDeCtilacqpwsvfA==

esbuild-openbsd-64@0.14.1:
  version "0.14.1"
  resolved "https://registry.yarnpkg.com/esbuild-openbsd-64/-/esbuild-openbsd-64-0.14.1.tgz#7515049bc7032ca2fb6811dc260f5ec9e1d9fe65"
  integrity sha512-Z9/Zb77K+pK9s7mAsvwS56K8tCbLvNZ9UI4QVJSYqDgOmmDJOBT4owWnCqZ5cJI+2y4/F9KwCpFFTNUdPglPKA==

esbuild-sunos-64@0.14.1:
  version "0.14.1"
  resolved "https://registry.yarnpkg.com/esbuild-sunos-64/-/esbuild-sunos-64-0.14.1.tgz#795f6bc7ce8c5177afb65f8d6c161a02f0c3e125"
  integrity sha512-c4sF8146kNW8529wfkB6vO0ZqPgokyS2hORqKa4p/QKZdp+xrF2NPmvX5aN+Zt14oe6wVZuhYo6LGv7V4Gg04g==

esbuild-windows-32@0.14.1:
  version "0.14.1"
  resolved "https://registry.yarnpkg.com/esbuild-windows-32/-/esbuild-windows-32-0.14.1.tgz#ffffa6378733eeaa23ed5cfe539e2fbe1e635ef6"
  integrity sha512-XP8yElaJtLGGjH7D72t5IWtP0jmc1Jqm4IjQARB17l0LTJO/n+N2X64rDWePJv6qimYxa5p2vTjkZc5v+YZTSQ==

esbuild-windows-64@0.14.1:
  version "0.14.1"
  resolved "https://registry.yarnpkg.com/esbuild-windows-64/-/esbuild-windows-64-0.14.1.tgz#46f3b4a90f937a8ad6456cd70478ebfc6771814f"
  integrity sha512-fe+ShdyfiuGcCEdVKW//6MaM4MwikiWBWSBn8mebNAbjRqicH0injDOFVI7aUovAfrEt7+FGkf402s//hi0BVg==

esbuild-windows-arm64@0.14.1:
  version "0.14.1"
  resolved "https://registry.yarnpkg.com/esbuild-windows-arm64/-/esbuild-windows-arm64-0.14.1.tgz#c7067389d28139e6a18db1996178c3a3e07a22b3"
  integrity sha512-wBVakhcIzQ3NZ33DFM6TjIObXPHaXOsqzvPwefXHvwBSC/N/e/g6fBeM7N/Moj3AmxLjKaB+vePvTGdxk6RPCg==

esbuild@^0.14.1:
  version "0.14.1"
  resolved "https://registry.yarnpkg.com/esbuild/-/esbuild-0.14.1.tgz#b834da3aa5858073205a6d4f948ffde0d650e4e3"
  integrity sha512-J/LhUwELcmz0+CJfiaKzu7Rnj9ffWFLvMx+dKvdOfg+fQmoP6q9glla26LCm9BxpnPUjXChHeubLiMlKab/PYg==
  optionalDependencies:
    esbuild-android-arm64 "0.14.1"
    esbuild-darwin-64 "0.14.1"
    esbuild-darwin-arm64 "0.14.1"
    esbuild-freebsd-64 "0.14.1"
    esbuild-freebsd-arm64 "0.14.1"
    esbuild-linux-32 "0.14.1"
    esbuild-linux-64 "0.14.1"
    esbuild-linux-arm "0.14.1"
    esbuild-linux-arm64 "0.14.1"
    esbuild-linux-mips64le "0.14.1"
    esbuild-linux-ppc64le "0.14.1"
    esbuild-netbsd-64 "0.14.1"
    esbuild-openbsd-64 "0.14.1"
    esbuild-sunos-64 "0.14.1"
    esbuild-windows-32 "0.14.1"
    esbuild-windows-64 "0.14.1"
    esbuild-windows-arm64 "0.14.1"

flatpickr@^4.6.9:
  version "4.6.9"
  resolved "https://registry.yarnpkg.com/flatpickr/-/flatpickr-4.6.9.tgz#9a13383e8a6814bda5d232eae3fcdccb97dc1499"
  integrity sha512-F0azNNi8foVWKSF+8X+ZJzz8r9sE1G4hl06RyceIaLvyltKvDl6vqk9Lm/6AUUCi5HWaIjiUbk7UpeE/fOXOpw==

jquery@3.5.1:
  version "3.5.1"
  resolved "https://registry.yarnpkg.com/jquery/-/jquery-3.5.1.tgz#d7b4d08e1bfdb86ad2f1a3d039ea17304717abb5"
  integrity sha512-XwIBPqcMn57FxfT+Go5pzySnm4KWkT1Tv7gjrpT1srtf8Weynl6R273VJ5GjkRb51IzMp5nbaPjJXMWeju2MKg==

popper.js@1.16.1:
  version "1.16.1"
  resolved "https://registry.yarnpkg.com/popper.js/-/popper.js-1.16.1.tgz#2a223cb3dc7b6213d740e40372be40de43e65b1b"
  integrity sha512-Wb4p1J4zyFTbM+u6WuO4XstYx4Ky9Cewe4DWrel7B0w6VVICvPwdOpotjzcf6eD8TsckVnIMNONQyPIUFOUbCQ==

sortablejs@^1.14.0:
  version "1.14.0"
  resolved "https://registry.yarnpkg.com/sortablejs/-/sortablejs-1.14.0.tgz#6d2e17ccbdb25f464734df621d4f35d4ab35b3d8"
  integrity sha512-pBXvQCs5/33fdN1/39pPL0NZF20LeRbLQ5jtnheIPN9JQAaufGjKdWduZn4U7wCtVuzKhmRkI0DFYHYRbB2H1w==

stimulus-sortable@^3.1.0:
  version "3.1.0"
  resolved "https://registry.yarnpkg.com/stimulus-sortable/-/stimulus-sortable-3.1.0.tgz#bf29117750e7d1ba6125d15d5538b551fd21a56a"
  integrity sha512-BPuqKKLqJkwDQxUNhRNcQrgBFPfMEmsX9BgFj6Qo85R272vi5MGqIcfkGFqJOvuMhsa0cpnKno9fVGnWjNYszg==
